<?xml version="1.0" encoding="utf-8"?>
<Project ToolsVersion="4.0" xmlns="http://schemas.microsoft.com/developer/msbuild/2003">
  <ItemGroup>
    <Filter Include="Source Files">
      <UniqueIdentifier>{4FC737F1-C7A5-4376-A066-2A32D752A2FF}</UniqueIdentifier>
      <Extensions>cpp;c;cc;cxx;c++;def;odl;idl;hpj;bat;asm;asmx</Extensions>
    </Filter>
    <Filter Include="Resource Files">
      <UniqueIdentifier>{67DA6AB6-F800-4c08-8B7A-83BB121AAD01}</UniqueIdentifier>
      <Extensions>rc;ico;cur;bmp;dlg;rc2;rct;bin;rgs;gif;jpg;jpeg;jpe;resx;tiff;tif;png;wav;mfcribbon-ms</Extensions>
    </Filter>
  </ItemGroup>
  <ItemGroup>
    <ClInclude Include="..\src\Dual.h">
      <Filter>Source Files</Filter>
    </ClInclude>
    <ClInclude Include="..\src\stb_image_write.h">
      <Filter>Source Files</Filter>
    </ClInclude>
    <ClInclude Include="..\src\real.h">
      <Filter>Source Files</Filter>
    </ClInclude>
    <ClInclude Include="..\src\vec2.h">
      <Filter>Source Files</Filter>
    </ClInclude>
    <ClInclude Include="..\src\vec3.h">
      <Filter>Source Files</Filter>
    </ClInclude>
    <ClInclude Include="..\src\SceneObject.h">
      <Filter>Source Files</Filter>
    </ClInclude>
    <ClInclude Include="..\src\Ray.h">
      <Filter>Source Files</Filter>
    </ClInclude>
    <ClInclude Include="..\src\AnalyticDEObject.h">
      <Filter>Source Files</Filter>
    </ClInclude>
    <ClInclude Include="..\src\DualDEObject.h">
      <Filter>Source Files</Filter>
    </ClInclude>
    <ClInclude Include="..\src\QuadraticJuliabulb.h">
      <Filter>Source Files</Filter>
    </ClInclude>
    <ClInclude Include="..\src\Mandelbulb.h">
      <Filter>Source Files</Filter>
    </ClInclude>
    <ClInclude Include="..\src\SimpleObjects.h">
      <Filter>Source Files</Filter>
    </ClInclude>
    <ClInclude Include="..\src\Renderer.h">
      <Filter>Source Files</Filter>
    </ClInclude>
    <ClInclude Include="..\src\MengerSponge.h">
      <Filter>Source Files</Filter>
    </ClInclude>
    <ClInclude Include="..\src\Scene.h">
      <Filter>Source Files</Filter>
    </ClInclude>
    <ClInclude Include="..\src\Cubicbulb.h">
      <Filter>Source Files</Filter>
    </ClInclude>
    <ClInclude Include="..\src\Amazingbox.h">
      <Filter>Source Files</Filter>
    </ClInclude>
    <ClInclude Include="..\src\Octopus.h">
      <Filter>Source Files</Filter>
    </ClInclude>
    <ClInclude Include="..\src\Material.h">
      <Filter>Source Files</Filter>
    </ClInclude>
    <ClInclude Include="..\src\RiemannSphere.h">
      <Filter>Source Files</Filter>
    </ClInclude>
    <ClInclude Include="..\src\BenesiPine2.h">
      <Filter>Source Files</Filter>
    </ClInclude>
    <ClInclude Include="..\src\MengerSpongeC.h">
      <Filter>Source Files</Filter>
    </ClInclude>
    <ClInclude Include="..\src\PseudoKleinian.h">
      <Filter>Source Files</Filter>
    </ClInclude>
    <ClInclude Include="..\src\MandalayKIFS.h">
      <Filter>Source Files</Filter>
    </ClInclude>
    <ClInclude Include="..\src\stb_image.h">
      <Filter>Source Files</Filter>
    </ClInclude>
  </ItemGroup>
  <ItemGroup>
    <ClCompile Include="..\src\main.cpp">
      <Filter>Source Files</Filter>
    </ClCompile>
  </ItemGroup>
</Project>